
Microsoft Visual Studio Solution File, Format Version 12.00
# Visual Studio 2013
VisualStudioVersion = 12.0.31101.0
MinimumVisualStudioVersion = 10.0.40219.1
Project("{2150E333-8FDC-42A3-9474-1A3956D46DE8}") = ".paket", ".paket", "{067B0D01-4ED5-4534-B10E-6ABC263DA553}"
	ProjectSection(SolutionItems) = preProject
		paket.dependencies = paket.dependencies
	EndProjectSection
EndProject
Project("{F2A71F9B-5D33-465A-A702-920D77279786}") = "TOTP", "TOTP\TOTP.fsproj", "{FEBE67C8-9B90-44BF-99D5-A166E9E40C2E}"
EndProject
Global
	GlobalSection(SolutionConfigurationPlatforms) = preSolution
		Debug|Any CPU = Debug|Any CPU
		Release|Any CPU = Release|Any CPU
	EndGlobalSection
	GlobalSection(ProjectConfigurationPlatforms) = postSolution
		{FEBE67C8-9B90-44BF-99D5-A166E9E40C2E}.Debug|Any CPU.ActiveCfg = Debug|Any CPU
		{FEBE67C8-9B90-44BF-99D5-A166E9E40C2E}.Debug|Any CPU.Build.0 = Debug|Any CPU
		{FEBE67C8-9B90-44BF-99D5-A166E9E40C2E}.Release|Any CPU.ActiveCfg = Release|Any CPU
		{FEBE67C8-9B90-44BF-99D5-A166E9E40C2E}.Release|Any CPU.Build.0 = Release|Any CPU
	EndGlobalSection
	GlobalSection(SolutionProperties) = preSolution
		HideSolutionNode = FALSE
	EndGlobalSection
EndGlobal
